// !$*UTF8*$!
{
	archiveVersion = 1;
	classes = {
	};
	objectVersion = 46;
	objects = {

/* Begin PBXBuildFile section */
		732C5F4C169E61800067796E /* UIKit.framework in Frameworks */ = {isa = PBXBuildFile; fileRef = 732C5F4B169E61800067796E /* UIKit.framework */; };
		732C5F4E169E61800067796E /* Foundation.framework in Frameworks */ = {isa = PBXBuildFile; fileRef = 732C5F4D169E61800067796E /* Foundation.framework */; };
		732C5F50169E61800067796E /* CoreGraphics.framework in Frameworks */ = {isa = PBXBuildFile; fileRef = 732C5F4F169E61800067796E /* CoreGraphics.framework */; };
		732C5F56169E61800067796E /* InfoPlist.strings in Resources */ = {isa = PBXBuildFile; fileRef = 732C5F54169E61800067796E /* InfoPlist.strings */; };
		732C5F58169E61800067796E /* main.m in Sources */ = {isa = PBXBuildFile; fileRef = 732C5F57169E61800067796E /* main.m */; };
		732C5F5C169E61800067796E /* AppDelegate.m in Sources */ = {isa = PBXBuildFile; fileRef = 732C5F5B169E61800067796E /* AppDelegate.m */; };
		732C5F5E169E61800067796E /* Default.png in Resources */ = {isa = PBXBuildFile; fileRef = 732C5F5D169E61800067796E /* Default.png */; };
		732C5F60169E61800067796E /* Default@2x.png in Resources */ = {isa = PBXBuildFile; fileRef = 732C5F5F169E61800067796E /* Default@2x.png */; };
		732C5F62169E61800067796E /* Default-568h@2x.png in Resources */ = {isa = PBXBuildFile; fileRef = 732C5F61169E61800067796E /* Default-568h@2x.png */; };
/* End PBXBuildFile section */

/* Begin PBXFileReference section */
		732C5F47169E61800067796E /* KnotsApp.app */ = {isa = PBXFileReference; explicitFileType = wrapper.application; includeInIndex = 0; path = KnotsApp.app; sourceTree = BUILT_PRODUCTS_DIR; };
		732C5F4B169E61800067796E /* UIKit.framework */ = {isa = PBXFileReference; lastKnownFileType = wrapper.framework; name = UIKit.framework; path = System/Library/Frameworks/UIKit.framework; sourceTree = SDKROOT; };
		732C5F4D169E61800067796E /* Foundation.framework */ = {isa = PBXFileReference; lastKnownFileType = wrapper.framework; name = Foundation.framework; path = System/Library/Frameworks/Foundation.framework; sourceTree = SDKROOT; };
		732C5F4F169E61800067796E /* CoreGraphics.framework */ = {isa = PBXFileReference; lastKnownFileType = wrapper.framework; name = CoreGraphics.framework; path = System/Library/Frameworks/CoreGraphics.framework; sourceTree = SDKROOT; };
		732C5F53169E61800067796E /* KnotsApp-Info.plist */ = {isa = PBXFileReference; lastKnownFileType = text.plist.xml; path = "KnotsApp-Info.plist"; sourceTree = "<group>"; };
		732C5F55169E61800067796E /* en */ = {isa = PBXFileReference; lastKnownFileType = text.plist.strings; name = en; path = en.lproj/InfoPlist.strings; sourceTree = "<group>"; };
		732C5F57169E61800067796E /* main.m */ = {isa = PBXFileReference; lastKnownFileType = sourcecode.c.objc; path = main.m; sourceTree = "<group>"; };
		732C5F59169E61800067796E /* KnotsApp-Prefix.pch */ = {isa = PBXFileReference; lastKnownFileType = sourcecode.c.h; path = "KnotsApp-Prefix.pch"; sourceTree = "<group>"; };
		732C5F5A169E61800067796E /* AppDelegate.h */ = {isa = PBXFileReference; lastKnownFileType = sourcecode.c.h; path = AppDelegate.h; sourceTree = "<group>"; };
		732C5F5B169E61800067796E /* AppDelegate.m */ = {isa = PBXFileReference; lastKnownFileType = sourcecode.c.objc; path = AppDelegate.m; sourceTree = "<group>"; };
		732C5F5D169E61800067796E /* Default.png */ = {isa = PBXFileReference; lastKnownFileType = image.png; path = Default.png; sourceTree = "<group>"; };
		732C5F5F169E61800067796E /* Default@2x.png */ = {isa = PBXFileReference; lastKnownFileType = image.png; path = "Default@2x.png"; sourceTree = "<group>"; };
		732C5F61169E61800067796E /* Default-568h@2x.png */ = {isa = PBXFileReference; lastKnownFileType = image.png; path = "Default-568h@2x.png"; sourceTree = "<group>"; };
/* End PBXFileReference section */

/* Begin PBXFrameworksBuildPhase section */
		732C5F44169E61800067796E /* Frameworks */ = {
			isa = PBXFrameworksBuildPhase;
			buildActionMask = 2147483647;
			files = (
				732C5F4C169E61800067796E /* UIKit.framework in Frameworks */,
				732C5F4E169E61800067796E /* Foundation.framework in Frameworks */,
				732C5F50169E61800067796E /* CoreGraphics.framework in Frameworks */,
			);
			runOnlyForDeploymentPostprocessing = 0;
		};
/* End PBXFrameworksBuildPhase section */

/* Begin PBXGroup section */
		732C5F3C169E61800067796E = {
			isa = PBXGroup;
			children = (
				732C5F51169E61800067796E /* KnotsApp */,
				732C5F4A169E61800067796E /* Frameworks */,
				732C5F48169E61800067796E /* Products */,
			);
			sourceTree = "<group>";
		};
		732C5F48169E61800067796E /* Products */ = {
			isa = PBXGroup;
			children = (
				732C5F47169E61800067796E /* KnotsApp.app */,
			);
			name = Products;
			sourceTree = "<group>";
		};
		732C5F4A169E61800067796E /* Frameworks */ = {
			isa = PBXGroup;
			children = (
				732C5F4B169E61800067796E /* UIKit.framework */,
				732C5F4D169E61800067796E /* Foundation.framework */,
				732C5F4F169E61800067796E /* CoreGraphics.framework */,
			);
			name = Frameworks;
			sourceTree = "<group>";
		};
		732C5F51169E61800067796E /* KnotsApp */ = {
			isa = PBXGroup;
			children = (
				732C5F5A169E61800067796E /* AppDelegate.h */,
				732C5F5B169E61800067796E /* AppDelegate.m */,
				732C5F52169E61800067796E /* Supporting Files */,
			);
			path = KnotsApp;
			sourceTree = "<group>";
		};
		732C5F52169E61800067796E /* Supporting Files */ = {
			isa = PBXGroup;
			children = (
				732C5F53169E61800067796E /* KnotsApp-Info.plist */,
				732C5F54169E61800067796E /* InfoPlist.strings */,
				732C5F57169E61800067796E /* main.m */,
				732C5F59169E61800067796E /* KnotsApp-Prefix.pch */,
				732C5F5D169E61800067796E /* Default.png */,
				732C5F5F169E61800067796E /* Default@2x.png */,
				732C5F61169E61800067796E /* Default-568h@2x.png */,
			);
			name = "Supporting Files";
			sourceTree = "<group>";
		};
/* End PBXGroup section */

/* Begin PBXNativeTarget section */
		732C5F46169E61800067796E /* KnotsApp */ = {
			isa = PBXNativeTarget;
			buildConfigurationList = 732C5F65169E61800067796E /* Build configuration list for PBXNativeTarget "KnotsApp" */;
			buildPhases = (
				732C5F43169E61800067796E /* Sources */,
				732C5F44169E61800067796E /* Frameworks */,
				732C5F45169E61800067796E /* Resources */,
			);
			buildRules = (
			);
			dependencies = (
			);
			name = KnotsApp;
			productName = KnotsApp;
			productReference = 732C5F47169E61800067796E /* KnotsApp.app */;
			productType = "com.apple.product-type.application";
		};
/* End PBXNativeTarget section */

/* Begin PBXProject section */
		732C5F3E169E61800067796E /* Project object */ = {
			isa = PBXProject;
			attributes = {
				LastUpgradeCheck = 0450;
				ORGANIZATIONNAME = "Joe Cortopassi";
			};
			buildConfigurationList = 732C5F41169E61800067796E /* Build configuration list for PBXProject "KnotsApp" */;
			compatibilityVersion = "Xcode 3.2";
			developmentRegion = English;
			hasScannedForEncodings = 0;
			knownRegions = (
				en,
			);
			mainGroup = 732C5F3C169E61800067796E;
			productRefGroup = 732C5F48169E61800067796E /* Products */;
			projectDirPath = "";
			projectRoot = "";
			targets = (
				732C5F46169E61800067796E /* KnotsApp */,
			);
		};
/* End PBXProject section */

/* Begin PBXResourcesBuildPhase section */
		732C5F45169E61800067796E /* Resources */ = {
			isa = PBXResourcesBuildPhase;
			buildActionMask = 2147483647;
			files = (
				732C5F56169E61800067796E /* InfoPlist.strings in Resources */,
				732C5F5E169E61800067796E /* Default.png in Resources */,
				732C5F60169E61800067796E /* Default@2x.png in Resources */,
				732C5F62169E61800067796E /* Default-568h@2x.png in Resources */,
			);
			runOnlyForDeploymentPostprocessing = 0;
		};
/* End PBXResourcesBuildPhase section */

/* Begin PBXSourcesBuildPhase section */
		732C5F43169E61800067796E /* Sources */ = {
			isa = PBXSourcesBuildPhase;
			buildActionMask = 2147483647;
			files = (
				732C5F58169E61800067796E /* main.m in Sources */,
				732C5F5C169E61800067796E /* AppDelegate.m in Sources */,
			);
			runOnlyForDeploymentPostprocessing = 0;
		};
/* End PBXSourcesBuildPhase section */

/* Begin PBXVariantGroup section */
		732C5F54169E61800067796E /* InfoPlist.strings */ = {
			isa = PBXVariantGroup;
			children = (
				732C5F55169E61800067796E /* en */,
			);
			name = InfoPlist.strings;
			sourceTree = "<group>";
		};
/* End PBXVariantGroup section */

/* Begin XCBuildConfiguration section */
		732C5F63169E61800067796E /* Debug */ = {
			isa = XCBuildConfiguration;
			buildSettings = {
				ALWAYS_SEARCH_USER_PATHS = NO;
				CLANG_CXX_LANGUAGE_STANDARD = "gnu++0x";
				CLANG_CXX_LIBRARY = "libc++";
				CLANG_ENABLE_OBJC_ARC = YES;
				CLANG_WARN_EMPTY_BODY = YES;
				CLANG_WARN__DUPLICATE_METHOD_MATCH = YES;
				"CODE_SIGN_IDENTITY[sdk=iphoneos*]" = "iPhone Developer";
				COPY_PHASE_STRIP = NO;
				GCC_C_LANGUAGE_STANDARD = gnu99;
				GCC_DYNAMIC_NO_PIC = NO;
				GCC_OPTIMIZATION_LEVEL = 0;
				GCC_PREPROCESSOR_DEFINITIONS = (
					"DEBUG=1",
					"$(inherited)",
				);
				GCC_SYMBOLS_PRIVATE_EXTERN = NO;
				GCC_WARN_ABOUT_RETURN_TYPE = YES;
				GCC_WARN_UNINITIALIZED_AUTOS = YES;
				GCC_WARN_UNUSED_VARIABLE = YES;
				IPHONEOS_DEPLOYMENT_TARGET = 6.0;
				ONLY_ACTIVE_ARCH = YES;
				SDKROOT = iphoneos;
			};
			name = Debug;
		};
		732C5F64169E61800067796E /* Release */ = {
			isa = XCBuildConfiguration;
			buildSettings = {
				ALWAYS_SEARCH_USER_PATHS = NO;
				CLANG_CXX_LANGUAGE_STANDARD = "gnu++0x";
				CLANG_CXX_LIBRARY = "libc++";
				CLANG_ENABLE_OBJC_ARC = YES;
				CLANG_WARN_EMPTY_BODY = YES;
				CLANG_WARN__DUPLICATE_METHOD_MATCH = YES;
				"CODE_SIGN_IDENTITY[sdk=iphoneos*]" = "iPhone Developer";
				COPY_PHASE_STRIP = YES;
				GCC_C_LANGUAGE_STANDARD = gnu99;
				GCC_WARN_ABOUT_RETURN_TYPE = YES;
				GCC_WARN_UNINITIALIZED_AUTOS = YES;
				GCC_WARN_UNUSED_VARIABLE = YES;
				IPHONEOS_DEPLOYMENT_TARGET = 6.0;
				OTHER_CFLAGS = "-DNS_BLOCK_ASSERTIONS=1";
				SDKROOT = iphoneos;
				VALIDATE_PRODUCT = YES;
			};
			name = Release;
		};
		732C5F66169E61800067796E /* Debug */ = {
			isa = XCBuildConfiguration;
			buildSettings = {
				GCC_PRECOMPILE_PREFIX_HEADER = YES;
				GCC_PREFIX_HEADER = "KnotsApp/KnotsApp-Prefix.pch";
				INFOPLIST_FILE = "KnotsApp/KnotsApp-Info.plist";
				PRODUCT_NAME = "$(TARGET_NAME)";
				WRAPPER_EXTENSION = app;
			};
			name = Debug;
		};
		732C5F67169E61800067796E /* Release */ = {
			isa = XCBuildConfiguration;
			buildSettings = {
				GCC_PRECOMPILE_PREFIX_HEADER = YES;
				GCC_PREFIX_HEADER = "KnotsApp/KnotsApp-Prefix.pch";
				INFOPLIST_FILE = "KnotsApp/KnotsApp-Info.plist";
				PRODUCT_NAME = "$(TARGET_NAME)";
				WRAPPER_EXTENSION = app;
			};
			name = Release;
		};
/* End XCBuildConfiguration section */

/* Begin XCConfigurationList section */
		732C5F41169E61800067796E /* Build configuration list for PBXProject "KnotsApp" */ = {
			isa = XCConfigurationList;
			buildConfigurations = (
				732C5F63169E61800067796E /* Debug */,
				732C5F64169E61800067796E /* Release */,
			);
			defaultConfigurationIsVisible = 0;
			defaultConfigurationName = Release;
		};
		732C5F65169E61800067796E /* Build configuration list for PBXNativeTarget "KnotsApp" */ = {
			isa = XCConfigurationList;
			buildConfigurations = (
				732C5F66169E61800067796E /* Debug */,
				732C5F67169E61800067796E /* Release */,
			);
			defaultConfigurationIsVisible = 0;
		};
/* End XCConfigurationList section */
	};
	rootObject = 732C5F3E169E61800067796E /* Project object */;
}
