// !$*UTF8*$!
{
	archiveVersion = 1;
	classes = {
	};
	objectVersion = 46;
	objects = {

/* Begin PBXBuildFile section */
		731736AF16A5391E00FC2E2C /* bowline1.jpg in Resources */ = {isa = PBXBuildFile; fileRef = 731736A816A5391E00FC2E2C /* bowline1.jpg */; };
		731736B016A5391E00FC2E2C /* bowline2.jpg in Resources */ = {isa = PBXBuildFile; fileRef = 731736A916A5391E00FC2E2C /* bowline2.jpg */; };
		731736B116A5391E00FC2E2C /* bowline3.jpg in Resources */ = {isa = PBXBuildFile; fileRef = 731736AA16A5391E00FC2E2C /* bowline3.jpg */; };
		731736B216A5391E00FC2E2C /* bowline4.jpg in Resources */ = {isa = PBXBuildFile; fileRef = 731736AB16A5391E00FC2E2C /* bowline4.jpg */; };
		731736B316A5391E00FC2E2C /* bowline5.jpg in Resources */ = {isa = PBXBuildFile; fileRef = 731736AC16A5391E00FC2E2C /* bowline5.jpg */; };
		731736B416A5391E00FC2E2C /* bowline6.jpg in Resources */ = {isa = PBXBuildFile; fileRef = 731736AD16A5391E00FC2E2C /* bowline6.jpg */; };
		731736B516A5391E00FC2E2C /* bowline7.jpg in Resources */ = {isa = PBXBuildFile; fileRef = 731736AE16A5391E00FC2E2C /* bowline7.jpg */; };
		731736BE16A53B9D00FC2E2C /* heavingLineKnot1.jpg in Resources */ = {isa = PBXBuildFile; fileRef = 731736B616A53B9D00FC2E2C /* heavingLineKnot1.jpg */; };
		731736BF16A53B9D00FC2E2C /* heavingLineKnot2.jpg in Resources */ = {isa = PBXBuildFile; fileRef = 731736B716A53B9D00FC2E2C /* heavingLineKnot2.jpg */; };
		731736C016A53B9D00FC2E2C /* heavingLineKnot3.jpg in Resources */ = {isa = PBXBuildFile; fileRef = 731736B816A53B9D00FC2E2C /* heavingLineKnot3.jpg */; };
		731736C116A53B9D00FC2E2C /* heavingLineKnot4.jpg in Resources */ = {isa = PBXBuildFile; fileRef = 731736B916A53B9D00FC2E2C /* heavingLineKnot4.jpg */; };
		731736C216A53B9D00FC2E2C /* heavingLineKnot5.jpg in Resources */ = {isa = PBXBuildFile; fileRef = 731736BA16A53B9D00FC2E2C /* heavingLineKnot5.jpg */; };
		731736C316A53B9D00FC2E2C /* heavingLineKnot6.jpg in Resources */ = {isa = PBXBuildFile; fileRef = 731736BB16A53B9D00FC2E2C /* heavingLineKnot6.jpg */; };
		731736C416A53B9D00FC2E2C /* heavingLineKnot7.jpg in Resources */ = {isa = PBXBuildFile; fileRef = 731736BC16A53B9D00FC2E2C /* heavingLineKnot7.jpg */; };
		731736C516A53B9D00FC2E2C /* heavingLineKnot8.jpg in Resources */ = {isa = PBXBuildFile; fileRef = 731736BD16A53B9D00FC2E2C /* heavingLineKnot8.jpg */; };
		731736CE16A53F3B00FC2E2C /* butterflyLoop1.jpg in Resources */ = {isa = PBXBuildFile; fileRef = 731736C616A53F3B00FC2E2C /* butterflyLoop1.jpg */; };
		731736CF16A53F3B00FC2E2C /* butterflyLoop2.jpg in Resources */ = {isa = PBXBuildFile; fileRef = 731736C716A53F3B00FC2E2C /* butterflyLoop2.jpg */; };
		731736D016A53F3B00FC2E2C /* butterflyLoop3.jpg in Resources */ = {isa = PBXBuildFile; fileRef = 731736C816A53F3B00FC2E2C /* butterflyLoop3.jpg */; };
		731736D116A53F3B00FC2E2C /* butterflyLoop4.jpg in Resources */ = {isa = PBXBuildFile; fileRef = 731736C916A53F3B00FC2E2C /* butterflyLoop4.jpg */; };
		731736D216A53F3B00FC2E2C /* butterflyLoop5.jpg in Resources */ = {isa = PBXBuildFile; fileRef = 731736CA16A53F3B00FC2E2C /* butterflyLoop5.jpg */; };
		731736D316A53F3B00FC2E2C /* butterflyLoop6.jpg in Resources */ = {isa = PBXBuildFile; fileRef = 731736CB16A53F3B00FC2E2C /* butterflyLoop6.jpg */; };
		731736D416A53F3B00FC2E2C /* butterflyLoop7.jpg in Resources */ = {isa = PBXBuildFile; fileRef = 731736CC16A53F3B00FC2E2C /* butterflyLoop7.jpg */; };
		731736D516A53F3B00FC2E2C /* butterflyLoop8.jpg in Resources */ = {isa = PBXBuildFile; fileRef = 731736CD16A53F3B00FC2E2C /* butterflyLoop8.jpg */; };
		731736DB16A5402D00FC2E2C /* overhandLoop1.jpg in Resources */ = {isa = PBXBuildFile; fileRef = 731736D616A5402D00FC2E2C /* overhandLoop1.jpg */; };
		731736DC16A5402D00FC2E2C /* overhandLoop2.jpg in Resources */ = {isa = PBXBuildFile; fileRef = 731736D716A5402D00FC2E2C /* overhandLoop2.jpg */; };
		731736DD16A5402D00FC2E2C /* overhandLoop3.jpg in Resources */ = {isa = PBXBuildFile; fileRef = 731736D816A5402D00FC2E2C /* overhandLoop3.jpg */; };
		731736DE16A5402D00FC2E2C /* overhandLoop4.jpg in Resources */ = {isa = PBXBuildFile; fileRef = 731736D916A5402D00FC2E2C /* overhandLoop4.jpg */; };
		731736DF16A5402D00FC2E2C /* overhandLoop5.jpg in Resources */ = {isa = PBXBuildFile; fileRef = 731736DA16A5402D00FC2E2C /* overhandLoop5.jpg */; };
		731736E716A5412300FC2E2C /* cowHitch1.jpg in Resources */ = {isa = PBXBuildFile; fileRef = 731736E016A5412300FC2E2C /* cowHitch1.jpg */; };
		731736E816A5412300FC2E2C /* cowHitch2.jpg in Resources */ = {isa = PBXBuildFile; fileRef = 731736E116A5412300FC2E2C /* cowHitch2.jpg */; };
		731736E916A5412300FC2E2C /* cowHitch3.jpg in Resources */ = {isa = PBXBuildFile; fileRef = 731736E216A5412300FC2E2C /* cowHitch3.jpg */; };
		731736EA16A5412300FC2E2C /* cowHitch4.jpg in Resources */ = {isa = PBXBuildFile; fileRef = 731736E316A5412300FC2E2C /* cowHitch4.jpg */; };
		731736EB16A5412300FC2E2C /* cowHitch5.jpg in Resources */ = {isa = PBXBuildFile; fileRef = 731736E416A5412300FC2E2C /* cowHitch5.jpg */; };
		731736EC16A5412300FC2E2C /* cowHitch6.jpg in Resources */ = {isa = PBXBuildFile; fileRef = 731736E516A5412300FC2E2C /* cowHitch6.jpg */; };
		731736ED16A5412300FC2E2C /* cowHitch7.jpg in Resources */ = {isa = PBXBuildFile; fileRef = 731736E616A5412300FC2E2C /* cowHitch7.jpg */; };
		7317370316A5426000FC2E2C /* transomKnot1.jpg in Resources */ = {isa = PBXBuildFile; fileRef = 731736FC16A5426000FC2E2C /* transomKnot1.jpg */; };
		7317370416A5426000FC2E2C /* transomKnot2.jpg in Resources */ = {isa = PBXBuildFile; fileRef = 731736FD16A5426000FC2E2C /* transomKnot2.jpg */; };
		7317370516A5426000FC2E2C /* transomKnot3.jpg in Resources */ = {isa = PBXBuildFile; fileRef = 731736FE16A5426000FC2E2C /* transomKnot3.jpg */; };
		7317370616A5426000FC2E2C /* transomKnot4.jpg in Resources */ = {isa = PBXBuildFile; fileRef = 731736FF16A5426000FC2E2C /* transomKnot4.jpg */; };
		7317370716A5426000FC2E2C /* transomKnot5.jpg in Resources */ = {isa = PBXBuildFile; fileRef = 7317370016A5426000FC2E2C /* transomKnot5.jpg */; };
		7317370816A5426000FC2E2C /* transomKnot6.jpg in Resources */ = {isa = PBXBuildFile; fileRef = 7317370116A5426000FC2E2C /* transomKnot6.jpg */; };
		7317370916A5426000FC2E2C /* transomKnot7.jpg in Resources */ = {isa = PBXBuildFile; fileRef = 7317370216A5426000FC2E2C /* transomKnot7.jpg */; };
		7317370C16A5430500FC2E2C /* sheetBend5.jpg in Resources */ = {isa = PBXBuildFile; fileRef = 7317370A16A5430500FC2E2C /* sheetBend5.jpg */; };
		7317370D16A5430500FC2E2C /* sheetBend6.jpg in Resources */ = {isa = PBXBuildFile; fileRef = 7317370B16A5430500FC2E2C /* sheetBend6.jpg */; };
		7317371516A543DE00FC2E2C /* hitchingTie1.jpg in Resources */ = {isa = PBXBuildFile; fileRef = 7317370E16A543DE00FC2E2C /* hitchingTie1.jpg */; };
		7317371616A543DE00FC2E2C /* hitchingTie2.jpg in Resources */ = {isa = PBXBuildFile; fileRef = 7317370F16A543DE00FC2E2C /* hitchingTie2.jpg */; };
		7317371716A543DE00FC2E2C /* hitchingTie3.jpg in Resources */ = {isa = PBXBuildFile; fileRef = 7317371016A543DE00FC2E2C /* hitchingTie3.jpg */; };
		7317371816A543DE00FC2E2C /* hitchingTie4.jpg in Resources */ = {isa = PBXBuildFile; fileRef = 7317371116A543DE00FC2E2C /* hitchingTie4.jpg */; };
		7317371916A543DE00FC2E2C /* hitchingTie5.jpg in Resources */ = {isa = PBXBuildFile; fileRef = 7317371216A543DE00FC2E2C /* hitchingTie5.jpg */; };
		7317371A16A543DE00FC2E2C /* hitchingTie6.jpg in Resources */ = {isa = PBXBuildFile; fileRef = 7317371316A543DE00FC2E2C /* hitchingTie6.jpg */; };
		7317371B16A543DE00FC2E2C /* hitchingTie7.jpg in Resources */ = {isa = PBXBuildFile; fileRef = 7317371416A543DE00FC2E2C /* hitchingTie7.jpg */; };
		7317372216A5457500FC2E2C /* cloveHitch1.jpg in Resources */ = {isa = PBXBuildFile; fileRef = 7317371C16A5457500FC2E2C /* cloveHitch1.jpg */; };
		7317372316A5457500FC2E2C /* cloveHitch2.jpg in Resources */ = {isa = PBXBuildFile; fileRef = 7317371D16A5457500FC2E2C /* cloveHitch2.jpg */; };
		7317372416A5457500FC2E2C /* cloveHitch3.jpg in Resources */ = {isa = PBXBuildFile; fileRef = 7317371E16A5457500FC2E2C /* cloveHitch3.jpg */; };
		7317372516A5457500FC2E2C /* cloveHitch4.jpg in Resources */ = {isa = PBXBuildFile; fileRef = 7317371F16A5457500FC2E2C /* cloveHitch4.jpg */; };
		7317372616A5457500FC2E2C /* cloveHitch5.jpg in Resources */ = {isa = PBXBuildFile; fileRef = 7317372016A5457500FC2E2C /* cloveHitch5.jpg */; };
		7317372716A5457500FC2E2C /* cloveHitch6.jpg in Resources */ = {isa = PBXBuildFile; fileRef = 7317372116A5457500FC2E2C /* cloveHitch6.jpg */; };
		7317372E16A5459B00FC2E2C /* squareKnot1.jpg in Resources */ = {isa = PBXBuildFile; fileRef = 7317372816A5459B00FC2E2C /* squareKnot1.jpg */; };
		7317372F16A5459B00FC2E2C /* squareKnot2.jpg in Resources */ = {isa = PBXBuildFile; fileRef = 7317372916A5459B00FC2E2C /* squareKnot2.jpg */; };
		7317373016A5459B00FC2E2C /* squareKnot3.jpg in Resources */ = {isa = PBXBuildFile; fileRef = 7317372A16A5459B00FC2E2C /* squareKnot3.jpg */; };
		7317373116A5459B00FC2E2C /* squareKnot4.jpg in Resources */ = {isa = PBXBuildFile; fileRef = 7317372B16A5459B00FC2E2C /* squareKnot4.jpg */; };
		7317373216A5459B00FC2E2C /* squareKnot5.jpg in Resources */ = {isa = PBXBuildFile; fileRef = 7317372C16A5459B00FC2E2C /* squareKnot5.jpg */; };
		7317373316A5459B00FC2E2C /* squareKnot6.jpg in Resources */ = {isa = PBXBuildFile; fileRef = 7317372D16A5459B00FC2E2C /* squareKnot6.jpg */; };
		7317373616A54AD600FC2E2C /* left_arrow.png in Resources */ = {isa = PBXBuildFile; fileRef = 7317373416A54AD500FC2E2C /* left_arrow.png */; };
		7317373716A54AD600FC2E2C /* right_arrow.png in Resources */ = {isa = PBXBuildFile; fileRef = 7317373516A54AD600FC2E2C /* right_arrow.png */; };
		732C5F4C169E61800067796E /* UIKit.framework in Frameworks */ = {isa = PBXBuildFile; fileRef = 732C5F4B169E61800067796E /* UIKit.framework */; };
		732C5F4E169E61800067796E /* Foundation.framework in Frameworks */ = {isa = PBXBuildFile; fileRef = 732C5F4D169E61800067796E /* Foundation.framework */; };
		732C5F50169E61800067796E /* CoreGraphics.framework in Frameworks */ = {isa = PBXBuildFile; fileRef = 732C5F4F169E61800067796E /* CoreGraphics.framework */; };
		732C5F56169E61800067796E /* InfoPlist.strings in Resources */ = {isa = PBXBuildFile; fileRef = 732C5F54169E61800067796E /* InfoPlist.strings */; };
		732C5F58169E61800067796E /* main.m in Sources */ = {isa = PBXBuildFile; fileRef = 732C5F57169E61800067796E /* main.m */; };
		732C5F5C169E61800067796E /* AppDelegate.m in Sources */ = {isa = PBXBuildFile; fileRef = 732C5F5B169E61800067796E /* AppDelegate.m */; };
		732C5F6E169E65520067796E /* MenuViewController.m in Sources */ = {isa = PBXBuildFile; fileRef = 732C5F6C169E65520067796E /* MenuViewController.m */; };
		732C5F6F169E65520067796E /* MenuViewController.xib in Resources */ = {isa = PBXBuildFile; fileRef = 732C5F6D169E65520067796E /* MenuViewController.xib */; };
		732C5F7B169E71CA0067796E /* MenuItemView.m in Sources */ = {isa = PBXBuildFile; fileRef = 732C5F7A169E71CA0067796E /* MenuItemView.m */; };
		7355613A16A56A3400588630 /* appIcon57.png in Resources */ = {isa = PBXBuildFile; fileRef = 7355613916A56A3400588630 /* appIcon57.png */; };
		7355613E16A5B94E00588630 /* LoadingViewController.m in Sources */ = {isa = PBXBuildFile; fileRef = 7355613C16A5B94D00588630 /* LoadingViewController.m */; };
		7355613F16A5B94E00588630 /* LoadingViewController.xib in Resources */ = {isa = PBXBuildFile; fileRef = 7355613D16A5B94D00588630 /* LoadingViewController.xib */; };
		7355614016A5CF5E00588630 /* Default.png in Resources */ = {isa = PBXBuildFile; fileRef = 73CF700316A3F33E00C6D3A7 /* Default.png */; };
		73CB6081169FD4AD00E61F95 /* ItemViewController.m in Sources */ = {isa = PBXBuildFile; fileRef = 73CB607F169FD4AD00E61F95 /* ItemViewController.m */; };
		73CB6082169FD4AD00E61F95 /* ItemViewController.xib in Resources */ = {isa = PBXBuildFile; fileRef = 73CB6080169FD4AD00E61F95 /* ItemViewController.xib */; };
		73CF700616A3F3C800C6D3A7 /* smallAppIcon.png in Resources */ = {isa = PBXBuildFile; fileRef = 73CF700516A3F3C800C6D3A7 /* smallAppIcon.png */; };
		73CF700816A3F3CE00C6D3A7 /* Default-568h@2x.png in Resources */ = {isa = PBXBuildFile; fileRef = 73CF700716A3F3CE00C6D3A7 /* Default-568h@2x.png */; };
		73CF700A16A3F3E500C6D3A7 /* Default@2x.png in Resources */ = {isa = PBXBuildFile; fileRef = 73CF700916A3F3E400C6D3A7 /* Default@2x.png */; };
/* End PBXBuildFile section */

/* Begin PBXFileReference section */
		731736A816A5391E00FC2E2C /* bowline1.jpg */ = {isa = PBXFileReference; lastKnownFileType = image.jpeg; path = bowline1.jpg; sourceTree = "<group>"; };
		731736A916A5391E00FC2E2C /* bowline2.jpg */ = {isa = PBXFileReference; lastKnownFileType = image.jpeg; path = bowline2.jpg; sourceTree = "<group>"; };
		731736AA16A5391E00FC2E2C /* bowline3.jpg */ = {isa = PBXFileReference; lastKnownFileType = image.jpeg; path = bowline3.jpg; sourceTree = "<group>"; };
		731736AB16A5391E00FC2E2C /* bowline4.jpg */ = {isa = PBXFileReference; lastKnownFileType = image.jpeg; path = bowline4.jpg; sourceTree = "<group>"; };
		731736AC16A5391E00FC2E2C /* bowline5.jpg */ = {isa = PBXFileReference; lastKnownFileType = image.jpeg; path = bowline5.jpg; sourceTree = "<group>"; };
		731736AD16A5391E00FC2E2C /* bowline6.jpg */ = {isa = PBXFileReference; lastKnownFileType = image.jpeg; path = bowline6.jpg; sourceTree = "<group>"; };
		731736AE16A5391E00FC2E2C /* bowline7.jpg */ = {isa = PBXFileReference; lastKnownFileType = image.jpeg; path = bowline7.jpg; sourceTree = "<group>"; };
		731736B616A53B9D00FC2E2C /* heavingLineKnot1.jpg */ = {isa = PBXFileReference; lastKnownFileType = image.jpeg; path = heavingLineKnot1.jpg; sourceTree = "<group>"; };
		731736B716A53B9D00FC2E2C /* heavingLineKnot2.jpg */ = {isa = PBXFileReference; lastKnownFileType = image.jpeg; path = heavingLineKnot2.jpg; sourceTree = "<group>"; };
		731736B816A53B9D00FC2E2C /* heavingLineKnot3.jpg */ = {isa = PBXFileReference; lastKnownFileType = image.jpeg; path = heavingLineKnot3.jpg; sourceTree = "<group>"; };
		731736B916A53B9D00FC2E2C /* heavingLineKnot4.jpg */ = {isa = PBXFileReference; lastKnownFileType = image.jpeg; path = heavingLineKnot4.jpg; sourceTree = "<group>"; };
		731736BA16A53B9D00FC2E2C /* heavingLineKnot5.jpg */ = {isa = PBXFileReference; lastKnownFileType = image.jpeg; path = heavingLineKnot5.jpg; sourceTree = "<group>"; };
		731736BB16A53B9D00FC2E2C /* heavingLineKnot6.jpg */ = {isa = PBXFileReference; lastKnownFileType = image.jpeg; path = heavingLineKnot6.jpg; sourceTree = "<group>"; };
		731736BC16A53B9D00FC2E2C /* heavingLineKnot7.jpg */ = {isa = PBXFileReference; lastKnownFileType = image.jpeg; path = heavingLineKnot7.jpg; sourceTree = "<group>"; };
		731736BD16A53B9D00FC2E2C /* heavingLineKnot8.jpg */ = {isa = PBXFileReference; lastKnownFileType = image.jpeg; path = heavingLineKnot8.jpg; sourceTree = "<group>"; };
		731736C616A53F3B00FC2E2C /* butterflyLoop1.jpg */ = {isa = PBXFileReference; lastKnownFileType = image.jpeg; path = butterflyLoop1.jpg; sourceTree = "<group>"; };
		731736C716A53F3B00FC2E2C /* butterflyLoop2.jpg */ = {isa = PBXFileReference; lastKnownFileType = image.jpeg; path = butterflyLoop2.jpg; sourceTree = "<group>"; };
		731736C816A53F3B00FC2E2C /* butterflyLoop3.jpg */ = {isa = PBXFileReference; lastKnownFileType = image.jpeg; path = butterflyLoop3.jpg; sourceTree = "<group>"; };
		731736C916A53F3B00FC2E2C /* butterflyLoop4.jpg */ = {isa = PBXFileReference; lastKnownFileType = image.jpeg; path = butterflyLoop4.jpg; sourceTree = "<group>"; };
		731736CA16A53F3B00FC2E2C /* butterflyLoop5.jpg */ = {isa = PBXFileReference; lastKnownFileType = image.jpeg; path = butterflyLoop5.jpg; sourceTree = "<group>"; };
		731736CB16A53F3B00FC2E2C /* butterflyLoop6.jpg */ = {isa = PBXFileReference; lastKnownFileType = image.jpeg; path = butterflyLoop6.jpg; sourceTree = "<group>"; };
		731736CC16A53F3B00FC2E2C /* butterflyLoop7.jpg */ = {isa = PBXFileReference; lastKnownFileType = image.jpeg; path = butterflyLoop7.jpg; sourceTree = "<group>"; };
		731736CD16A53F3B00FC2E2C /* butterflyLoop8.jpg */ = {isa = PBXFileReference; lastKnownFileType = image.jpeg; path = butterflyLoop8.jpg; sourceTree = "<group>"; };
		731736D616A5402D00FC2E2C /* overhandLoop1.jpg */ = {isa = PBXFileReference; lastKnownFileType = image.jpeg; path = overhandLoop1.jpg; sourceTree = "<group>"; };
		731736D716A5402D00FC2E2C /* overhandLoop2.jpg */ = {isa = PBXFileReference; lastKnownFileType = image.jpeg; path = overhandLoop2.jpg; sourceTree = "<group>"; };
		731736D816A5402D00FC2E2C /* overhandLoop3.jpg */ = {isa = PBXFileReference; lastKnownFileType = image.jpeg; path = overhandLoop3.jpg; sourceTree = "<group>"; };
		731736D916A5402D00FC2E2C /* overhandLoop4.jpg */ = {isa = PBXFileReference; lastKnownFileType = image.jpeg; path = overhandLoop4.jpg; sourceTree = "<group>"; };
		731736DA16A5402D00FC2E2C /* overhandLoop5.jpg */ = {isa = PBXFileReference; lastKnownFileType = image.jpeg; path = overhandLoop5.jpg; sourceTree = "<group>"; };
		731736E016A5412300FC2E2C /* cowHitch1.jpg */ = {isa = PBXFileReference; lastKnownFileType = image.jpeg; path = cowHitch1.jpg; sourceTree = "<group>"; };
		731736E116A5412300FC2E2C /* cowHitch2.jpg */ = {isa = PBXFileReference; lastKnownFileType = image.jpeg; path = cowHitch2.jpg; sourceTree = "<group>"; };
		731736E216A5412300FC2E2C /* cowHitch3.jpg */ = {isa = PBXFileReference; lastKnownFileType = image.jpeg; path = cowHitch3.jpg; sourceTree = "<group>"; };
		731736E316A5412300FC2E2C /* cowHitch4.jpg */ = {isa = PBXFileReference; lastKnownFileType = image.jpeg; path = cowHitch4.jpg; sourceTree = "<group>"; };
		731736E416A5412300FC2E2C /* cowHitch5.jpg */ = {isa = PBXFileReference; lastKnownFileType = image.jpeg; path = cowHitch5.jpg; sourceTree = "<group>"; };
		731736E516A5412300FC2E2C /* cowHitch6.jpg */ = {isa = PBXFileReference; lastKnownFileType = image.jpeg; path = cowHitch6.jpg; sourceTree = "<group>"; };
		731736E616A5412300FC2E2C /* cowHitch7.jpg */ = {isa = PBXFileReference; lastKnownFileType = image.jpeg; path = cowHitch7.jpg; sourceTree = "<group>"; };
		731736FC16A5426000FC2E2C /* transomKnot1.jpg */ = {isa = PBXFileReference; lastKnownFileType = image.jpeg; path = transomKnot1.jpg; sourceTree = "<group>"; };
		731736FD16A5426000FC2E2C /* transomKnot2.jpg */ = {isa = PBXFileReference; lastKnownFileType = image.jpeg; path = transomKnot2.jpg; sourceTree = "<group>"; };
		731736FE16A5426000FC2E2C /* transomKnot3.jpg */ = {isa = PBXFileReference; lastKnownFileType = image.jpeg; path = transomKnot3.jpg; sourceTree = "<group>"; };
		731736FF16A5426000FC2E2C /* transomKnot4.jpg */ = {isa = PBXFileReference; lastKnownFileType = image.jpeg; path = transomKnot4.jpg; sourceTree = "<group>"; };
		7317370016A5426000FC2E2C /* transomKnot5.jpg */ = {isa = PBXFileReference; lastKnownFileType = image.jpeg; path = transomKnot5.jpg; sourceTree = "<group>"; };
		7317370116A5426000FC2E2C /* transomKnot6.jpg */ = {isa = PBXFileReference; lastKnownFileType = image.jpeg; path = transomKnot6.jpg; sourceTree = "<group>"; };
		7317370216A5426000FC2E2C /* transomKnot7.jpg */ = {isa = PBXFileReference; lastKnownFileType = image.jpeg; path = transomKnot7.jpg; sourceTree = "<group>"; };
		7317370A16A5430500FC2E2C /* sheetBend5.jpg */ = {isa = PBXFileReference; lastKnownFileType = image.jpeg; path = sheetBend5.jpg; sourceTree = "<group>"; };
		7317370B16A5430500FC2E2C /* sheetBend6.jpg */ = {isa = PBXFileReference; lastKnownFileType = image.jpeg; path = sheetBend6.jpg; sourceTree = "<group>"; };
		7317370E16A543DE00FC2E2C /* hitchingTie1.jpg */ = {isa = PBXFileReference; lastKnownFileType = image.jpeg; path = hitchingTie1.jpg; sourceTree = "<group>"; };
		7317370F16A543DE00FC2E2C /* hitchingTie2.jpg */ = {isa = PBXFileReference; lastKnownFileType = image.jpeg; path = hitchingTie2.jpg; sourceTree = "<group>"; };
		7317371016A543DE00FC2E2C /* hitchingTie3.jpg */ = {isa = PBXFileReference; lastKnownFileType = image.jpeg; path = hitchingTie3.jpg; sourceTree = "<group>"; };
		7317371116A543DE00FC2E2C /* hitchingTie4.jpg */ = {isa = PBXFileReference; lastKnownFileType = image.jpeg; path = hitchingTie4.jpg; sourceTree = "<group>"; };
		7317371216A543DE00FC2E2C /* hitchingTie5.jpg */ = {isa = PBXFileReference; lastKnownFileType = image.jpeg; path = hitchingTie5.jpg; sourceTree = "<group>"; };
		7317371316A543DE00FC2E2C /* hitchingTie6.jpg */ = {isa = PBXFileReference; lastKnownFileType = image.jpeg; path = hitchingTie6.jpg; sourceTree = "<group>"; };
		7317371416A543DE00FC2E2C /* hitchingTie7.jpg */ = {isa = PBXFileReference; lastKnownFileType = image.jpeg; path = hitchingTie7.jpg; sourceTree = "<group>"; };
		7317371C16A5457500FC2E2C /* cloveHitch1.jpg */ = {isa = PBXFileReference; lastKnownFileType = image.jpeg; path = cloveHitch1.jpg; sourceTree = "<group>"; };
		7317371D16A5457500FC2E2C /* cloveHitch2.jpg */ = {isa = PBXFileReference; lastKnownFileType = image.jpeg; path = cloveHitch2.jpg; sourceTree = "<group>"; };
		7317371E16A5457500FC2E2C /* cloveHitch3.jpg */ = {isa = PBXFileReference; lastKnownFileType = image.jpeg; path = cloveHitch3.jpg; sourceTree = "<group>"; };
		7317371F16A5457500FC2E2C /* cloveHitch4.jpg */ = {isa = PBXFileReference; lastKnownFileType = image.jpeg; path = cloveHitch4.jpg; sourceTree = "<group>"; };
		7317372016A5457500FC2E2C /* cloveHitch5.jpg */ = {isa = PBXFileReference; lastKnownFileType = image.jpeg; path = cloveHitch5.jpg; sourceTree = "<group>"; };
		7317372116A5457500FC2E2C /* cloveHitch6.jpg */ = {isa = PBXFileReference; lastKnownFileType = image.jpeg; path = cloveHitch6.jpg; sourceTree = "<group>"; };
		7317372816A5459B00FC2E2C /* squareKnot1.jpg */ = {isa = PBXFileReference; lastKnownFileType = image.jpeg; path = squareKnot1.jpg; sourceTree = "<group>"; };
		7317372916A5459B00FC2E2C /* squareKnot2.jpg */ = {isa = PBXFileReference; lastKnownFileType = image.jpeg; path = squareKnot2.jpg; sourceTree = "<group>"; };
		7317372A16A5459B00FC2E2C /* squareKnot3.jpg */ = {isa = PBXFileReference; lastKnownFileType = image.jpeg; path = squareKnot3.jpg; sourceTree = "<group>"; };
		7317372B16A5459B00FC2E2C /* squareKnot4.jpg */ = {isa = PBXFileReference; lastKnownFileType = image.jpeg; path = squareKnot4.jpg; sourceTree = "<group>"; };
		7317372C16A5459B00FC2E2C /* squareKnot5.jpg */ = {isa = PBXFileReference; lastKnownFileType = image.jpeg; path = squareKnot5.jpg; sourceTree = "<group>"; };
		7317372D16A5459B00FC2E2C /* squareKnot6.jpg */ = {isa = PBXFileReference; lastKnownFileType = image.jpeg; path = squareKnot6.jpg; sourceTree = "<group>"; };
		7317373416A54AD500FC2E2C /* left_arrow.png */ = {isa = PBXFileReference; lastKnownFileType = image.png; path = left_arrow.png; sourceTree = "<group>"; };
		7317373516A54AD600FC2E2C /* right_arrow.png */ = {isa = PBXFileReference; lastKnownFileType = image.png; path = right_arrow.png; sourceTree = "<group>"; };
		732C5F47169E61800067796E /* KnotsApp.app */ = {isa = PBXFileReference; explicitFileType = wrapper.application; includeInIndex = 0; path = KnotsApp.app; sourceTree = BUILT_PRODUCTS_DIR; };
		732C5F4B169E61800067796E /* UIKit.framework */ = {isa = PBXFileReference; lastKnownFileType = wrapper.framework; name = UIKit.framework; path = System/Library/Frameworks/UIKit.framework; sourceTree = SDKROOT; };
		732C5F4D169E61800067796E /* Foundation.framework */ = {isa = PBXFileReference; lastKnownFileType = wrapper.framework; name = Foundation.framework; path = System/Library/Frameworks/Foundation.framework; sourceTree = SDKROOT; };
		732C5F4F169E61800067796E /* CoreGraphics.framework */ = {isa = PBXFileReference; lastKnownFileType = wrapper.framework; name = CoreGraphics.framework; path = System/Library/Frameworks/CoreGraphics.framework; sourceTree = SDKROOT; };
		732C5F53169E61800067796E /* KnotsApp-Info.plist */ = {isa = PBXFileReference; lastKnownFileType = text.plist.xml; path = "KnotsApp-Info.plist"; sourceTree = "<group>"; };
		732C5F55169E61800067796E /* en */ = {isa = PBXFileReference; lastKnownFileType = text.plist.strings; name = en; path = en.lproj/InfoPlist.strings; sourceTree = "<group>"; };
		732C5F57169E61800067796E /* main.m */ = {isa = PBXFileReference; lastKnownFileType = sourcecode.c.objc; path = main.m; sourceTree = "<group>"; };
		732C5F59169E61800067796E /* KnotsApp-Prefix.pch */ = {isa = PBXFileReference; lastKnownFileType = sourcecode.c.h; path = "KnotsApp-Prefix.pch"; sourceTree = "<group>"; };
		732C5F5A169E61800067796E /* AppDelegate.h */ = {isa = PBXFileReference; lastKnownFileType = sourcecode.c.h; path = AppDelegate.h; sourceTree = "<group>"; };
		732C5F5B169E61800067796E /* AppDelegate.m */ = {isa = PBXFileReference; lastKnownFileType = sourcecode.c.objc; path = AppDelegate.m; sourceTree = "<group>"; };
		732C5F6B169E65520067796E /* MenuViewController.h */ = {isa = PBXFileReference; fileEncoding = 4; lastKnownFileType = sourcecode.c.h; path = MenuViewController.h; sourceTree = "<group>"; };
		732C5F6C169E65520067796E /* MenuViewController.m */ = {isa = PBXFileReference; fileEncoding = 4; lastKnownFileType = sourcecode.c.objc; path = MenuViewController.m; sourceTree = "<group>"; };
		732C5F6D169E65520067796E /* MenuViewController.xib */ = {isa = PBXFileReference; fileEncoding = 4; lastKnownFileType = file.xib; path = MenuViewController.xib; sourceTree = "<group>"; };
		732C5F79169E71CA0067796E /* MenuItemView.h */ = {isa = PBXFileReference; fileEncoding = 4; lastKnownFileType = sourcecode.c.h; path = MenuItemView.h; sourceTree = "<group>"; };
		732C5F7A169E71CA0067796E /* MenuItemView.m */ = {isa = PBXFileReference; fileEncoding = 4; lastKnownFileType = sourcecode.c.objc; path = MenuItemView.m; sourceTree = "<group>"; };
		7355613916A56A3400588630 /* appIcon57.png */ = {isa = PBXFileReference; lastKnownFileType = image.png; path = appIcon57.png; sourceTree = "<group>"; };
		7355613B16A5B94D00588630 /* LoadingViewController.h */ = {isa = PBXFileReference; fileEncoding = 4; lastKnownFileType = sourcecode.c.h; path = LoadingViewController.h; sourceTree = "<group>"; };
		7355613C16A5B94D00588630 /* LoadingViewController.m */ = {isa = PBXFileReference; fileEncoding = 4; lastKnownFileType = sourcecode.c.objc; path = LoadingViewController.m; sourceTree = "<group>"; };
		7355613D16A5B94D00588630 /* LoadingViewController.xib */ = {isa = PBXFileReference; fileEncoding = 4; lastKnownFileType = file.xib; path = LoadingViewController.xib; sourceTree = "<group>"; };
		73CB607E169FD4AD00E61F95 /* ItemViewController.h */ = {isa = PBXFileReference; fileEncoding = 4; lastKnownFileType = sourcecode.c.h; path = ItemViewController.h; sourceTree = "<group>"; };
		73CB607F169FD4AD00E61F95 /* ItemViewController.m */ = {isa = PBXFileReference; fileEncoding = 4; lastKnownFileType = sourcecode.c.objc; path = ItemViewController.m; sourceTree = "<group>"; };
		73CB6080169FD4AD00E61F95 /* ItemViewController.xib */ = {isa = PBXFileReference; fileEncoding = 4; lastKnownFileType = file.xib; path = ItemViewController.xib; sourceTree = "<group>"; };
		73CF700316A3F33E00C6D3A7 /* Default.png */ = {isa = PBXFileReference; lastKnownFileType = image.png; path = Default.png; sourceTree = "<group>"; };
		73CF700516A3F3C800C6D3A7 /* smallAppIcon.png */ = {isa = PBXFileReference; lastKnownFileType = image.png; path = smallAppIcon.png; sourceTree = "<group>"; };
		73CF700716A3F3CE00C6D3A7 /* Default-568h@2x.png */ = {isa = PBXFileReference; lastKnownFileType = image.png; name = "Default-568h@2x.png"; path = "../Default-568h@2x.png"; sourceTree = "<group>"; };
		73CF700916A3F3E400C6D3A7 /* Default@2x.png */ = {isa = PBXFileReference; lastKnownFileType = image.png; name = "Default@2x.png"; path = "../Default@2x.png"; sourceTree = "<group>"; };
/* End PBXFileReference section */

/* Begin PBXFrameworksBuildPhase section */
		732C5F44169E61800067796E /* Frameworks */ = {
			isa = PBXFrameworksBuildPhase;
			buildActionMask = 2147483647;
			files = (
				732C5F4C169E61800067796E /* UIKit.framework in Frameworks */,
				732C5F4E169E61800067796E /* Foundation.framework in Frameworks */,
				732C5F50169E61800067796E /* CoreGraphics.framework in Frameworks */,
			);
			runOnlyForDeploymentPostprocessing = 0;
		};
/* End PBXFrameworksBuildPhase section */

/* Begin PBXGroup section */
		731735E716A5102700FC2E2C /* Butterfly Loop */ = {
			isa = PBXGroup;
			children = (
				731736C616A53F3B00FC2E2C /* butterflyLoop1.jpg */,
				731736C716A53F3B00FC2E2C /* butterflyLoop2.jpg */,
				731736C816A53F3B00FC2E2C /* butterflyLoop3.jpg */,
				731736C916A53F3B00FC2E2C /* butterflyLoop4.jpg */,
				731736CA16A53F3B00FC2E2C /* butterflyLoop5.jpg */,
				731736CB16A53F3B00FC2E2C /* butterflyLoop6.jpg */,
				731736CC16A53F3B00FC2E2C /* butterflyLoop7.jpg */,
				731736CD16A53F3B00FC2E2C /* butterflyLoop8.jpg */,
			);
			name = "Butterfly Loop";
			sourceTree = "<group>";
		};
		7317369716A529C000FC2E2C /* Heaving Line Knot */ = {
			isa = PBXGroup;
			children = (
				731736B616A53B9D00FC2E2C /* heavingLineKnot1.jpg */,
				731736B716A53B9D00FC2E2C /* heavingLineKnot2.jpg */,
				731736B816A53B9D00FC2E2C /* heavingLineKnot3.jpg */,
				731736B916A53B9D00FC2E2C /* heavingLineKnot4.jpg */,
				731736BA16A53B9D00FC2E2C /* heavingLineKnot5.jpg */,
				731736BB16A53B9D00FC2E2C /* heavingLineKnot6.jpg */,
				731736BC16A53B9D00FC2E2C /* heavingLineKnot7.jpg */,
				731736BD16A53B9D00FC2E2C /* heavingLineKnot8.jpg */,
			);
			name = "Heaving Line Knot";
			sourceTree = "<group>";
		};
		732C5F3C169E61800067796E = {
			isa = PBXGroup;
			children = (
				7355613916A56A3400588630 /* appIcon57.png */,
				73CF700516A3F3C800C6D3A7 /* smallAppIcon.png */,
				73CF700316A3F33E00C6D3A7 /* Default.png */,
				732C5F51169E61800067796E /* KnotsApp */,
				732C5F4A169E61800067796E /* Frameworks */,
				732C5F48169E61800067796E /* Products */,
			);
			sourceTree = "<group>";
		};
		732C5F48169E61800067796E /* Products */ = {
			isa = PBXGroup;
			children = (
				732C5F47169E61800067796E /* KnotsApp.app */,
			);
			name = Products;
			sourceTree = "<group>";
		};
		732C5F4A169E61800067796E /* Frameworks */ = {
			isa = PBXGroup;
			children = (
				732C5F4B169E61800067796E /* UIKit.framework */,
				732C5F4D169E61800067796E /* Foundation.framework */,
				732C5F4F169E61800067796E /* CoreGraphics.framework */,
			);
			name = Frameworks;
			sourceTree = "<group>";
		};
		732C5F51169E61800067796E /* KnotsApp */ = {
			isa = PBXGroup;
			children = (
				732C5F5A169E61800067796E /* AppDelegate.h */,
				732C5F5B169E61800067796E /* AppDelegate.m */,
				7355613B16A5B94D00588630 /* LoadingViewController.h */,
				7355613C16A5B94D00588630 /* LoadingViewController.m */,
				7355613D16A5B94D00588630 /* LoadingViewController.xib */,
				732C5F6B169E65520067796E /* MenuViewController.h */,
				732C5F6C169E65520067796E /* MenuViewController.m */,
				732C5F6D169E65520067796E /* MenuViewController.xib */,
				732C5F79169E71CA0067796E /* MenuItemView.h */,
				732C5F7A169E71CA0067796E /* MenuItemView.m */,
				73CB607E169FD4AD00E61F95 /* ItemViewController.h */,
				73CB607F169FD4AD00E61F95 /* ItemViewController.m */,
				73CB6080169FD4AD00E61F95 /* ItemViewController.xib */,
				732C5F52169E61800067796E /* Supporting Files */,
			);
			path = KnotsApp;
			sourceTree = "<group>";
		};
		732C5F52169E61800067796E /* Supporting Files */ = {
			isa = PBXGroup;
			children = (
				732C5F53169E61800067796E /* KnotsApp-Info.plist */,
				732C5F54169E61800067796E /* InfoPlist.strings */,
				732C5F57169E61800067796E /* main.m */,
				732C5F59169E61800067796E /* KnotsApp-Prefix.pch */,
				73CF700916A3F3E400C6D3A7 /* Default@2x.png */,
				73CF700716A3F3CE00C6D3A7 /* Default-568h@2x.png */,
				7317373416A54AD500FC2E2C /* left_arrow.png */,
				7317373516A54AD600FC2E2C /* right_arrow.png */,
				73CF6F8116A35BDC00C6D3A7 /* KnotImages */,
			);
			name = "Supporting Files";
			sourceTree = "<group>";
		};
		73CF6F8116A35BDC00C6D3A7 /* KnotImages */ = {
			isa = PBXGroup;
			children = (
				7317369716A529C000FC2E2C /* Heaving Line Knot */,
				731735E716A5102700FC2E2C /* Butterfly Loop */,
				73CF6FC816A3DFD500C6D3A7 /* Bowline */,
				73CF6FD016A3DFD500C6D3A7 /* Overhand Loop */,
				73CF6FD616A3DFD500C6D3A7 /* Cow Hitch */,
				73CF6FDE16A3DFD500C6D3A7 /* Transom Knot */,
				73CF6FE516A3DFD500C6D3A7 /* Sheet Bend */,
				73CF6FB916A39FE800C6D3A7 /* HitchingTie */,
				73CF6F9416A3897000C6D3A7 /* CloveHitch */,
				73CF6F8316A35BEA00C6D3A7 /* SquareKnot */,
			);
			name = KnotImages;
			sourceTree = "<group>";
		};
		73CF6F8316A35BEA00C6D3A7 /* SquareKnot */ = {
			isa = PBXGroup;
			children = (
				7317372816A5459B00FC2E2C /* squareKnot1.jpg */,
				7317372916A5459B00FC2E2C /* squareKnot2.jpg */,
				7317372A16A5459B00FC2E2C /* squareKnot3.jpg */,
				7317372B16A5459B00FC2E2C /* squareKnot4.jpg */,
				7317372C16A5459B00FC2E2C /* squareKnot5.jpg */,
				7317372D16A5459B00FC2E2C /* squareKnot6.jpg */,
			);
			name = SquareKnot;
			sourceTree = "<group>";
		};
		73CF6F9416A3897000C6D3A7 /* CloveHitch */ = {
			isa = PBXGroup;
			children = (
				7317371C16A5457500FC2E2C /* cloveHitch1.jpg */,
				7317371D16A5457500FC2E2C /* cloveHitch2.jpg */,
				7317371E16A5457500FC2E2C /* cloveHitch3.jpg */,
				7317371F16A5457500FC2E2C /* cloveHitch4.jpg */,
				7317372016A5457500FC2E2C /* cloveHitch5.jpg */,
				7317372116A5457500FC2E2C /* cloveHitch6.jpg */,
			);
			name = CloveHitch;
			sourceTree = "<group>";
		};
		73CF6FB916A39FE800C6D3A7 /* HitchingTie */ = {
			isa = PBXGroup;
			children = (
				7317370E16A543DE00FC2E2C /* hitchingTie1.jpg */,
				7317370F16A543DE00FC2E2C /* hitchingTie2.jpg */,
				7317371016A543DE00FC2E2C /* hitchingTie3.jpg */,
				7317371116A543DE00FC2E2C /* hitchingTie4.jpg */,
				7317371216A543DE00FC2E2C /* hitchingTie5.jpg */,
				7317371316A543DE00FC2E2C /* hitchingTie6.jpg */,
				7317371416A543DE00FC2E2C /* hitchingTie7.jpg */,
			);
			name = HitchingTie;
			sourceTree = "<group>";
		};
		73CF6FC816A3DFD500C6D3A7 /* Bowline */ = {
			isa = PBXGroup;
			children = (
				731736A816A5391E00FC2E2C /* bowline1.jpg */,
				731736A916A5391E00FC2E2C /* bowline2.jpg */,
				731736AA16A5391E00FC2E2C /* bowline3.jpg */,
				731736AB16A5391E00FC2E2C /* bowline4.jpg */,
				731736AC16A5391E00FC2E2C /* bowline5.jpg */,
				731736AD16A5391E00FC2E2C /* bowline6.jpg */,
				731736AE16A5391E00FC2E2C /* bowline7.jpg */,
			);
			path = Bowline;
			sourceTree = "<group>";
		};
		73CF6FD016A3DFD500C6D3A7 /* Overhand Loop */ = {
			isa = PBXGroup;
			children = (
				731736D616A5402D00FC2E2C /* overhandLoop1.jpg */,
				731736D716A5402D00FC2E2C /* overhandLoop2.jpg */,
				731736D816A5402D00FC2E2C /* overhandLoop3.jpg */,
				731736D916A5402D00FC2E2C /* overhandLoop4.jpg */,
				731736DA16A5402D00FC2E2C /* overhandLoop5.jpg */,
			);
			path = "Overhand Loop";
			sourceTree = "<group>";
		};
		73CF6FD616A3DFD500C6D3A7 /* Cow Hitch */ = {
			isa = PBXGroup;
			children = (
				731736E016A5412300FC2E2C /* cowHitch1.jpg */,
				731736E116A5412300FC2E2C /* cowHitch2.jpg */,
				731736E216A5412300FC2E2C /* cowHitch3.jpg */,
				731736E316A5412300FC2E2C /* cowHitch4.jpg */,
				731736E416A5412300FC2E2C /* cowHitch5.jpg */,
				731736E516A5412300FC2E2C /* cowHitch6.jpg */,
				731736E616A5412300FC2E2C /* cowHitch7.jpg */,
			);
			path = "Cow Hitch";
			sourceTree = "<group>";
		};
		73CF6FDE16A3DFD500C6D3A7 /* Transom Knot */ = {
			isa = PBXGroup;
			children = (
				731736FC16A5426000FC2E2C /* transomKnot1.jpg */,
				731736FD16A5426000FC2E2C /* transomKnot2.jpg */,
				731736FE16A5426000FC2E2C /* transomKnot3.jpg */,
				731736FF16A5426000FC2E2C /* transomKnot4.jpg */,
				7317370016A5426000FC2E2C /* transomKnot5.jpg */,
				7317370116A5426000FC2E2C /* transomKnot6.jpg */,
				7317370216A5426000FC2E2C /* transomKnot7.jpg */,
			);
			path = "Transom Knot";
			sourceTree = "<group>";
		};
		73CF6FE516A3DFD500C6D3A7 /* Sheet Bend */ = {
			isa = PBXGroup;
			children = (
				7317370A16A5430500FC2E2C /* sheetBend5.jpg */,
				7317370B16A5430500FC2E2C /* sheetBend6.jpg */,
			);
			path = "Sheet Bend";
			sourceTree = "<group>";
		};
/* End PBXGroup section */

/* Begin PBXNativeTarget section */
		732C5F46169E61800067796E /* KnotsApp */ = {
			isa = PBXNativeTarget;
			buildConfigurationList = 732C5F65169E61800067796E /* Build configuration list for PBXNativeTarget "KnotsApp" */;
			buildPhases = (
				732C5F43169E61800067796E /* Sources */,
				732C5F44169E61800067796E /* Frameworks */,
				732C5F45169E61800067796E /* Resources */,
			);
			buildRules = (
			);
			dependencies = (
			);
			name = KnotsApp;
			productName = KnotsApp;
			productReference = 732C5F47169E61800067796E /* KnotsApp.app */;
			productType = "com.apple.product-type.application";
		};
/* End PBXNativeTarget section */

/* Begin PBXProject section */
		732C5F3E169E61800067796E /* Project object */ = {
			isa = PBXProject;
			attributes = {
				LastUpgradeCheck = 0450;
				ORGANIZATIONNAME = "Joe Cortopassi";
			};
			buildConfigurationList = 732C5F41169E61800067796E /* Build configuration list for PBXProject "KnotsApp" */;
			compatibilityVersion = "Xcode 3.2";
			developmentRegion = English;
			hasScannedForEncodings = 0;
			knownRegions = (
				en,
			);
			mainGroup = 732C5F3C169E61800067796E;
			productRefGroup = 732C5F48169E61800067796E /* Products */;
			projectDirPath = "";
			projectRoot = "";
			targets = (
				732C5F46169E61800067796E /* KnotsApp */,
			);
		};
/* End PBXProject section */

/* Begin PBXResourcesBuildPhase section */
		732C5F45169E61800067796E /* Resources */ = {
			isa = PBXResourcesBuildPhase;
			buildActionMask = 2147483647;
			files = (
				732C5F56169E61800067796E /* InfoPlist.strings in Resources */,
				732C5F6F169E65520067796E /* MenuViewController.xib in Resources */,
				73CB6082169FD4AD00E61F95 /* ItemViewController.xib in Resources */,
				73CF700616A3F3C800C6D3A7 /* smallAppIcon.png in Resources */,
				73CF700816A3F3CE00C6D3A7 /* Default-568h@2x.png in Resources */,
				73CF700A16A3F3E500C6D3A7 /* Default@2x.png in Resources */,
				731736AF16A5391E00FC2E2C /* bowline1.jpg in Resources */,
				731736B016A5391E00FC2E2C /* bowline2.jpg in Resources */,
				731736B116A5391E00FC2E2C /* bowline3.jpg in Resources */,
				731736B216A5391E00FC2E2C /* bowline4.jpg in Resources */,
				731736B316A5391E00FC2E2C /* bowline5.jpg in Resources */,
				731736B416A5391E00FC2E2C /* bowline6.jpg in Resources */,
				731736B516A5391E00FC2E2C /* bowline7.jpg in Resources */,
				731736BE16A53B9D00FC2E2C /* heavingLineKnot1.jpg in Resources */,
				731736BF16A53B9D00FC2E2C /* heavingLineKnot2.jpg in Resources */,
				731736C016A53B9D00FC2E2C /* heavingLineKnot3.jpg in Resources */,
				731736C116A53B9D00FC2E2C /* heavingLineKnot4.jpg in Resources */,
				731736C216A53B9D00FC2E2C /* heavingLineKnot5.jpg in Resources */,
				731736C316A53B9D00FC2E2C /* heavingLineKnot6.jpg in Resources */,
				731736C416A53B9D00FC2E2C /* heavingLineKnot7.jpg in Resources */,
				731736C516A53B9D00FC2E2C /* heavingLineKnot8.jpg in Resources */,
				731736CE16A53F3B00FC2E2C /* butterflyLoop1.jpg in Resources */,
				731736CF16A53F3B00FC2E2C /* butterflyLoop2.jpg in Resources */,
				731736D016A53F3B00FC2E2C /* butterflyLoop3.jpg in Resources */,
				731736D116A53F3B00FC2E2C /* butterflyLoop4.jpg in Resources */,
				731736D216A53F3B00FC2E2C /* butterflyLoop5.jpg in Resources */,
				731736D316A53F3B00FC2E2C /* butterflyLoop6.jpg in Resources */,
				731736D416A53F3B00FC2E2C /* butterflyLoop7.jpg in Resources */,
				731736D516A53F3B00FC2E2C /* butterflyLoop8.jpg in Resources */,
				731736DB16A5402D00FC2E2C /* overhandLoop1.jpg in Resources */,
				731736DC16A5402D00FC2E2C /* overhandLoop2.jpg in Resources */,
				731736DD16A5402D00FC2E2C /* overhandLoop3.jpg in Resources */,
				731736DE16A5402D00FC2E2C /* overhandLoop4.jpg in Resources */,
				731736DF16A5402D00FC2E2C /* overhandLoop5.jpg in Resources */,
				731736E716A5412300FC2E2C /* cowHitch1.jpg in Resources */,
				731736E816A5412300FC2E2C /* cowHitch2.jpg in Resources */,
				731736E916A5412300FC2E2C /* cowHitch3.jpg in Resources */,
				731736EA16A5412300FC2E2C /* cowHitch4.jpg in Resources */,
				731736EB16A5412300FC2E2C /* cowHitch5.jpg in Resources */,
				731736EC16A5412300FC2E2C /* cowHitch6.jpg in Resources */,
				731736ED16A5412300FC2E2C /* cowHitch7.jpg in Resources */,
				7317370316A5426000FC2E2C /* transomKnot1.jpg in Resources */,
				7317370416A5426000FC2E2C /* transomKnot2.jpg in Resources */,
				7317370516A5426000FC2E2C /* transomKnot3.jpg in Resources */,
				7317370616A5426000FC2E2C /* transomKnot4.jpg in Resources */,
				7317370716A5426000FC2E2C /* transomKnot5.jpg in Resources */,
				7317370816A5426000FC2E2C /* transomKnot6.jpg in Resources */,
				7317370916A5426000FC2E2C /* transomKnot7.jpg in Resources */,
				7317370C16A5430500FC2E2C /* sheetBend5.jpg in Resources */,
				7317370D16A5430500FC2E2C /* sheetBend6.jpg in Resources */,
				7317371516A543DE00FC2E2C /* hitchingTie1.jpg in Resources */,
				7317371616A543DE00FC2E2C /* hitchingTie2.jpg in Resources */,
				7317371716A543DE00FC2E2C /* hitchingTie3.jpg in Resources */,
				7317371816A543DE00FC2E2C /* hitchingTie4.jpg in Resources */,
				7317371916A543DE00FC2E2C /* hitchingTie5.jpg in Resources */,
				7317371A16A543DE00FC2E2C /* hitchingTie6.jpg in Resources */,
				7317371B16A543DE00FC2E2C /* hitchingTie7.jpg in Resources */,
				7317372216A5457500FC2E2C /* cloveHitch1.jpg in Resources */,
				7317372316A5457500FC2E2C /* cloveHitch2.jpg in Resources */,
				7317372416A5457500FC2E2C /* cloveHitch3.jpg in Resources */,
				7317372516A5457500FC2E2C /* cloveHitch4.jpg in Resources */,
				7317372616A5457500FC2E2C /* cloveHitch5.jpg in Resources */,
				7317372716A5457500FC2E2C /* cloveHitch6.jpg in Resources */,
				7317372E16A5459B00FC2E2C /* squareKnot1.jpg in Resources */,
				7317372F16A5459B00FC2E2C /* squareKnot2.jpg in Resources */,
				7317373016A5459B00FC2E2C /* squareKnot3.jpg in Resources */,
				7317373116A5459B00FC2E2C /* squareKnot4.jpg in Resources */,
				7317373216A5459B00FC2E2C /* squareKnot5.jpg in Resources */,
				7317373316A5459B00FC2E2C /* squareKnot6.jpg in Resources */,
				7317373616A54AD600FC2E2C /* left_arrow.png in Resources */,
				7317373716A54AD600FC2E2C /* right_arrow.png in Resources */,
				7355613A16A56A3400588630 /* appIcon57.png in Resources */,
				7355613F16A5B94E00588630 /* LoadingViewController.xib in Resources */,
				7355614016A5CF5E00588630 /* Default.png in Resources */,
			);
			runOnlyForDeploymentPostprocessing = 0;
		};
/* End PBXResourcesBuildPhase section */

/* Begin PBXSourcesBuildPhase section */
		732C5F43169E61800067796E /* Sources */ = {
			isa = PBXSourcesBuildPhase;
			buildActionMask = 2147483647;
			files = (
				732C5F58169E61800067796E /* main.m in Sources */,
				732C5F5C169E61800067796E /* AppDelegate.m in Sources */,
				732C5F6E169E65520067796E /* MenuViewController.m in Sources */,
				732C5F7B169E71CA0067796E /* MenuItemView.m in Sources */,
				73CB6081169FD4AD00E61F95 /* ItemViewController.m in Sources */,
				7355613E16A5B94E00588630 /* LoadingViewController.m in Sources */,
			);
			runOnlyForDeploymentPostprocessing = 0;
		};
/* End PBXSourcesBuildPhase section */

/* Begin PBXVariantGroup section */
		732C5F54169E61800067796E /* InfoPlist.strings */ = {
			isa = PBXVariantGroup;
			children = (
				732C5F55169E61800067796E /* en */,
			);
			name = InfoPlist.strings;
			sourceTree = "<group>";
		};
/* End PBXVariantGroup section */

/* Begin XCBuildConfiguration section */
		732C5F63169E61800067796E /* Debug */ = {
			isa = XCBuildConfiguration;
			buildSettings = {
				ALWAYS_SEARCH_USER_PATHS = NO;
				CLANG_CXX_LANGUAGE_STANDARD = "gnu++0x";
				CLANG_CXX_LIBRARY = "libc++";
				CLANG_ENABLE_OBJC_ARC = YES;
				CLANG_WARN_EMPTY_BODY = YES;
				CLANG_WARN__DUPLICATE_METHOD_MATCH = YES;
				"CODE_SIGN_IDENTITY[sdk=iphoneos*]" = "iPhone Developer";
				COPY_PHASE_STRIP = NO;
				GCC_C_LANGUAGE_STANDARD = gnu99;
				GCC_DYNAMIC_NO_PIC = NO;
				GCC_OPTIMIZATION_LEVEL = 0;
				GCC_PREPROCESSOR_DEFINITIONS = (
					"DEBUG=1",
					"$(inherited)",
				);
				GCC_SYMBOLS_PRIVATE_EXTERN = NO;
				GCC_WARN_ABOUT_RETURN_TYPE = YES;
				GCC_WARN_UNINITIALIZED_AUTOS = YES;
				GCC_WARN_UNUSED_VARIABLE = YES;
				IPHONEOS_DEPLOYMENT_TARGET = 5.0;
				ONLY_ACTIVE_ARCH = YES;
				SDKROOT = iphoneos;
			};
			name = Debug;
		};
		732C5F64169E61800067796E /* Release */ = {
			isa = XCBuildConfiguration;
			buildSettings = {
				ALWAYS_SEARCH_USER_PATHS = NO;
				CLANG_CXX_LANGUAGE_STANDARD = "gnu++0x";
				CLANG_CXX_LIBRARY = "libc++";
				CLANG_ENABLE_OBJC_ARC = YES;
				CLANG_WARN_EMPTY_BODY = YES;
				CLANG_WARN__DUPLICATE_METHOD_MATCH = YES;
				"CODE_SIGN_IDENTITY[sdk=iphoneos*]" = "iPhone Developer";
				COPY_PHASE_STRIP = YES;
				GCC_C_LANGUAGE_STANDARD = gnu99;
				GCC_WARN_ABOUT_RETURN_TYPE = YES;
				GCC_WARN_UNINITIALIZED_AUTOS = YES;
				GCC_WARN_UNUSED_VARIABLE = YES;
				IPHONEOS_DEPLOYMENT_TARGET = 5.0;
				OTHER_CFLAGS = "-DNS_BLOCK_ASSERTIONS=1";
				SDKROOT = iphoneos;
				VALIDATE_PRODUCT = YES;
			};
			name = Release;
		};
		732C5F66169E61800067796E /* Debug */ = {
			isa = XCBuildConfiguration;
			buildSettings = {
				CODE_SIGN_IDENTITY = "iPhone Developer";
				GCC_PRECOMPILE_PREFIX_HEADER = YES;
				GCC_PREFIX_HEADER = "KnotsApp/KnotsApp-Prefix.pch";
				INFOPLIST_FILE = "KnotsApp/KnotsApp-Info.plist";
				IPHONEOS_DEPLOYMENT_TARGET = 5.0;
				PRODUCT_NAME = "$(TARGET_NAME)";
				PROVISIONING_PROFILE = "";
				TARGETED_DEVICE_FAMILY = 1;
				WRAPPER_EXTENSION = app;
			};
			name = Debug;
		};
		732C5F67169E61800067796E /* Release */ = {
			isa = XCBuildConfiguration;
			buildSettings = {
				CODE_SIGN_IDENTITY = "iPhone Distribution: joseph cortopassi";
				"CODE_SIGN_IDENTITY[sdk=iphoneos*]" = "iPhone Distribution: joseph cortopassi";
				GCC_PRECOMPILE_PREFIX_HEADER = YES;
				GCC_PREFIX_HEADER = "KnotsApp/KnotsApp-Prefix.pch";
				INFOPLIST_FILE = "KnotsApp/KnotsApp-Info.plist";
				IPHONEOS_DEPLOYMENT_TARGET = 5.0;
				PRODUCT_NAME = "$(TARGET_NAME)";
				PROVISIONING_PROFILE = "8128D38F-8237-4F84-B681-AD769074E663";
				"PROVISIONING_PROFILE[sdk=iphoneos*]" = "8128D38F-8237-4F84-B681-AD769074E663";
				TARGETED_DEVICE_FAMILY = 1;
				WRAPPER_EXTENSION = app;
			};
			name = Release;
		};
/* End XCBuildConfiguration section */

/* Begin XCConfigurationList section */
		732C5F41169E61800067796E /* Build configuration list for PBXProject "KnotsApp" */ = {
			isa = XCConfigurationList;
			buildConfigurations = (
				732C5F63169E61800067796E /* Debug */,
				732C5F64169E61800067796E /* Release */,
			);
			defaultConfigurationIsVisible = 0;
			defaultConfigurationName = Release;
		};
		732C5F65169E61800067796E /* Build configuration list for PBXNativeTarget "KnotsApp" */ = {
			isa = XCConfigurationList;
			buildConfigurations = (
				732C5F66169E61800067796E /* Debug */,
				732C5F67169E61800067796E /* Release */,
			);
			defaultConfigurationIsVisible = 0;
			defaultConfigurationName = Release;
		};
/* End XCConfigurationList section */
	};
	rootObject = 732C5F3E169E61800067796E /* Project object */;
}
